<?xml version="1.0" encoding="utf-8"?>
<Project ToolsVersion="4.0" xmlns="http://schemas.microsoft.com/developer/msbuild/2003">
  <ItemGroup>
    <Filter Include="ogre_plugin">
      <UniqueIdentifier>{799623b5-439f-4334-9461-80883b19f142}</UniqueIdentifier>
    </Filter>
    <Filter Include="water_simulation">
      <UniqueIdentifier>{9eb03db7-aa7e-4e76-b125-5e8aa033e492}</UniqueIdentifier>
    </Filter>
    <Filter Include="vtfw_simulation">
      <UniqueIdentifier>{5a446f96-c623-4edf-86f7-8cf2c8f905f9}</UniqueIdentifier>
    </Filter>
    <Filter Include="simulation_interface">
      <UniqueIdentifier>{82308e28-9a49-45bd-8171-51b90a4d362b}</UniqueIdentifier>
    </Filter>
  </ItemGroup>
  <ItemGroup>
    <ClCompile Include="..\..\ogre_plugin\ogre_plugin.cpp">
      <Filter>ogre_plugin</Filter>
    </ClCompile>
    <ClCompile Include="..\..\ogre_plugin\sample_generator.cpp">
      <Filter>ogre_plugin</Filter>
    </ClCompile>
    <ClCompile Include="..\..\water_simulation\water_mesh.cpp">
      <Filter>water_simulation</Filter>
    </ClCompile>
    <ClCompile Include="..\..\water_simulation\water_simulation.cpp">
      <Filter>water_simulation</Filter>
    </ClCompile>
    <ClCompile Include="..\..\vtfw_simulation\vtfw_mesh.cpp">
      <Filter>vtfw_simulation</Filter>
    </ClCompile>
    <ClCompile Include="..\..\vtfw_simulation\vtfw_simluation.cpp">
      <Filter>vtfw_simulation</Filter>
    </ClCompile>
    <ClCompile Include="..\..\vtfw_simulation\vtfw_render_listener.cpp">
      <Filter>vtfw_simulation</Filter>
    </ClCompile>
  </ItemGroup>
  <ItemGroup>
    <ClInclude Include="..\..\ogre_plugin\ogre_plugin.h">
      <Filter>ogre_plugin</Filter>
    </ClInclude>
    <ClInclude Include="..\..\water_simulation\water_mesh.h">
      <Filter>water_simulation</Filter>
    </ClInclude>
    <ClInclude Include="..\..\water_simulation\water_simulation.h">
      <Filter>water_simulation</Filter>
    </ClInclude>
    <ClInclude Include="..\..\simulation_interface\simulation_interface.h">
      <Filter>simulation_interface</Filter>
    </ClInclude>
    <ClInclude Include="..\..\simulation_interface\water_interface.h">
      <Filter>simulation_interface</Filter>
    </ClInclude>
    <ClInclude Include="..\..\vtfw_simulation\vtfw_mesh.h">
      <Filter>vtfw_simulation</Filter>
    </ClInclude>
    <ClInclude Include="..\..\vtfw_simulation\vtfw_simulation.h">
      <Filter>vtfw_simulation</Filter>
    </ClInclude>
    <ClInclude Include="..\..\vtfw_simulation\vtfw_render_listener.h">
      <Filter>vtfw_simulation</Filter>
    </ClInclude>
  </ItemGroup>
</Project>