<?xml version="1.0" encoding="utf-8"?>
<Project ToolsVersion="4.0" xmlns="http://schemas.microsoft.com/developer/msbuild/2003">
  <ItemGroup>
    <Filter Include="ogre_plugin">
      <UniqueIdentifier>{799623b5-439f-4334-9461-80883b19f142}</UniqueIdentifier>
    </Filter>
    <Filter Include="water_simulation">
      <UniqueIdentifier>{9eb03db7-aa7e-4e76-b125-5e8aa033e492}</UniqueIdentifier>
    </Filter>
    <Filter Include="vtfw_simulation">
      <UniqueIdentifier>{5a446f96-c623-4edf-86f7-8cf2c8f905f9}</UniqueIdentifier>
    </Filter>
    <Filter Include="simulation_interface">
      <UniqueIdentifier>{82308e28-9a49-45bd-8171-51b90a4d362b}</UniqueIdentifier>
    </Filter>
    <Filter Include="stable_fluids">
      <UniqueIdentifier>{8581df22-f8c6-4caf-ba7d-dd6cfba04abf}</UniqueIdentifier>
    </Filter>
    <Filter Include="ogre_tool">
      <UniqueIdentifier>{27585113-2e89-47ea-ba0e-9d8718de13d4}</UniqueIdentifier>
    </Filter>
    <Filter Include="stable_fluids\stroke">
      <UniqueIdentifier>{b26540cf-ee8d-4450-95c6-4fcd7bd298d8}</UniqueIdentifier>
    </Filter>
  </ItemGroup>
  <ItemGroup>
    <ClCompile Include="..\..\ogre_plugin\ogre_plugin.cpp">
      <Filter>ogre_plugin</Filter>
    </ClCompile>
    <ClCompile Include="..\..\ogre_plugin\sample_generator.cpp">
      <Filter>ogre_plugin</Filter>
    </ClCompile>
    <ClCompile Include="..\..\water_simulation\water_mesh.cpp">
      <Filter>water_simulation</Filter>
    </ClCompile>
    <ClCompile Include="..\..\water_simulation\water_simulation.cpp">
      <Filter>water_simulation</Filter>
    </ClCompile>
    <ClCompile Include="..\..\vtfw_simulation\vtfw_mesh.cpp">
      <Filter>vtfw_simulation</Filter>
    </ClCompile>
    <ClCompile Include="..\..\vtfw_simulation\vtfw_simluation.cpp">
      <Filter>vtfw_simulation</Filter>
    </ClCompile>
    <ClCompile Include="..\..\vtfw_simulation\vtfw_render_listener.cpp">
      <Filter>vtfw_simulation</Filter>
    </ClCompile>
    <ClCompile Include="..\..\stable_fluids\solver.cpp">
      <Filter>stable_fluids</Filter>
    </ClCompile>
    <ClCompile Include="..\..\stable_fluids\stable_fluids_grid.cpp">
      <Filter>stable_fluids</Filter>
    </ClCompile>
    <ClCompile Include="..\..\stable_fluids\stable_fluids.cpp">
      <Filter>stable_fluids</Filter>
    </ClCompile>
    <ClCompile Include="..\..\ogre_tool\ogre_mesh_tool.cpp">
      <Filter>ogre_tool</Filter>
    </ClCompile>
    <ClCompile Include="..\..\stable_fluids\solid_mesh.cpp">
      <Filter>stable_fluids</Filter>
    </ClCompile>
    <ClCompile Include="..\..\stable_fluids\stroke\stroke.cpp">
      <Filter>stable_fluids\stroke</Filter>
    </ClCompile>
    <ClCompile Include="..\..\stable_fluids\stroke\stroke_manager.cpp">
      <Filter>stable_fluids\stroke</Filter>
    </ClCompile>
    <ClCompile Include="..\..\stable_fluids\stroke\ogre_draw.cpp">
      <Filter>stable_fluids\stroke</Filter>
    </ClCompile>
    <ClCompile Include="..\..\stable_fluids\stroke\particle_draw.cpp">
      <Filter>stable_fluids\stroke</Filter>
    </ClCompile>
    <ClCompile Include="..\..\stable_fluids\ogre_solver.cpp">
      <Filter>stable_fluids</Filter>
    </ClCompile>
  </ItemGroup>
  <ItemGroup>
    <ClInclude Include="..\..\ogre_plugin\ogre_plugin.h">
      <Filter>ogre_plugin</Filter>
    </ClInclude>
    <ClInclude Include="..\..\water_simulation\water_mesh.h">
      <Filter>water_simulation</Filter>
    </ClInclude>
    <ClInclude Include="..\..\water_simulation\water_simulation.h">
      <Filter>water_simulation</Filter>
    </ClInclude>
    <ClInclude Include="..\..\simulation_interface\simulation_interface.h">
      <Filter>simulation_interface</Filter>
    </ClInclude>
    <ClInclude Include="..\..\simulation_interface\water_interface.h">
      <Filter>simulation_interface</Filter>
    </ClInclude>
    <ClInclude Include="..\..\vtfw_simulation\vtfw_mesh.h">
      <Filter>vtfw_simulation</Filter>
    </ClInclude>
    <ClInclude Include="..\..\vtfw_simulation\vtfw_simulation.h">
      <Filter>vtfw_simulation</Filter>
    </ClInclude>
    <ClInclude Include="..\..\vtfw_simulation\vtfw_render_listener.h">
      <Filter>vtfw_simulation</Filter>
    </ClInclude>
    <ClInclude Include="..\..\stable_fluids\stable_fluids_grid.h">
      <Filter>stable_fluids</Filter>
    </ClInclude>
    <ClInclude Include="..\..\stable_fluids\stable_fluids.h">
      <Filter>stable_fluids</Filter>
    </ClInclude>
    <ClInclude Include="..\..\ogre_tool\ogre_mesh_tool.h">
      <Filter>ogre_tool</Filter>
    </ClInclude>
    <ClInclude Include="..\..\stable_fluids\solid_mesh.h">
      <Filter>stable_fluids</Filter>
    </ClInclude>
    <ClInclude Include="..\..\stable_fluids\stroke\stroke.h">
      <Filter>stable_fluids\stroke</Filter>
    </ClInclude>
    <ClInclude Include="..\..\stable_fluids\stroke\stroke_manager.h">
      <Filter>stable_fluids\stroke</Filter>
    </ClInclude>
    <ClInclude Include="..\..\stable_fluids\stroke\point.h">
      <Filter>stable_fluids\stroke</Filter>
    </ClInclude>
    <ClInclude Include="..\..\stable_fluids\stroke\stroke_draw.h">
      <Filter>stable_fluids\stroke</Filter>
    </ClInclude>
    <ClInclude Include="..\..\stable_fluids\stroke\ogre_draw.h">
      <Filter>stable_fluids\stroke</Filter>
    </ClInclude>
    <ClInclude Include="..\..\stable_fluids\stroke\particle_draw.h">
      <Filter>stable_fluids\stroke</Filter>
    </ClInclude>
  </ItemGroup>
</Project>