
Microsoft Visual Studio Solution File, Format Version 10.00
# Visual Studio 2008
Project("{8BC9CEB8-8B4A-11D0-8D11-00A0C91BC942}") = "chain_reaction", "..\..\src\msvc\vs2008\chain_reaction.vcproj", "{A72C588A-F74A-4A41-A405-1C3ED8C5BE18}"
EndProject
Global
	GlobalSection(SolutionConfigurationPlatforms) = preSolution
		Debug|Win32 = Debug|Win32
		Release|Win32 = Release|Win32
	EndGlobalSection
	GlobalSection(ProjectConfigurationPlatforms) = postSolution
		{A72C588A-F74A-4A41-A405-1C3ED8C5BE18}.Debug|Win32.ActiveCfg = Debug|Win32
		{A72C588A-F74A-4A41-A405-1C3ED8C5BE18}.Debug|Win32.Build.0 = Debug|Win32
		{A72C588A-F74A-4A41-A405-1C3ED8C5BE18}.Release|Win32.ActiveCfg = Release|Win32
		{A72C588A-F74A-4A41-A405-1C3ED8C5BE18}.Release|Win32.Build.0 = Release|Win32
	EndGlobalSection
	GlobalSection(SolutionProperties) = preSolution
		HideSolutionNode = FALSE
	EndGlobalSection
EndGlobal
