<?xml version="1.0" encoding="utf-8"?>
<Project ToolsVersion="4.0" xmlns="http://schemas.microsoft.com/developer/msbuild/2003">
  <ItemGroup>
    <Filter Include="ogre_plugin">
      <UniqueIdentifier>{799623b5-439f-4334-9461-80883b19f142}</UniqueIdentifier>
    </Filter>
  </ItemGroup>
  <ItemGroup>
    <ClCompile Include="..\..\ogre_plugin\ogre_plugin.cpp">
      <Filter>ogre_plugin</Filter>
    </ClCompile>
    <ClCompile Include="..\..\ogre_plugin\sample_generator.cpp">
      <Filter>ogre_plugin</Filter>
    </ClCompile>
  </ItemGroup>
  <ItemGroup>
    <ClInclude Include="..\..\ogre_plugin\ogre_plugin.h">
      <Filter>ogre_plugin</Filter>
    </ClInclude>
  </ItemGroup>
</Project>