<?xml version="1.0" encoding="utf-8"?>
<Project ToolsVersion="4.0" xmlns="http://schemas.microsoft.com/developer/msbuild/2003">
  <ItemGroup>
    <Filter Include="water_simulation">
      <UniqueIdentifier>{9624ab86-9abd-40d1-a6ec-be3224e54ff2}</UniqueIdentifier>
    </Filter>
  </ItemGroup>
  <ItemGroup>
    <ClCompile Include="..\..\water_simulation\water_simulation.cpp">
      <Filter>water_simulation</Filter>
    </ClCompile>
    <ClCompile Include="..\..\water_simulation\water_mesh.cpp">
      <Filter>water_simulation</Filter>
    </ClCompile>
    <ClCompile Include="..\..\water_simulation\vtfw_mesh.cpp">
      <Filter>water_simulation</Filter>
    </ClCompile>
  </ItemGroup>
  <ItemGroup>
    <ClInclude Include="..\..\water_simulation\water_simulation.h">
      <Filter>water_simulation</Filter>
    </ClInclude>
    <ClInclude Include="..\..\water_simulation\water_interface.h">
      <Filter>water_simulation</Filter>
    </ClInclude>
    <ClInclude Include="..\..\water_simulation\water_mesh.h">
      <Filter>water_simulation</Filter>
    </ClInclude>
    <ClInclude Include="..\..\water_simulation\vtfw_mesh.h">
      <Filter>water_simulation</Filter>
    </ClInclude>
  </ItemGroup>
</Project>